
Microsoft Visual Studio Solution File, Format Version 12.00
# Visual Studio Version 17
VisualStudioVersion = 17.4.33110.190
MinimumVisualStudioVersion = 10.0.40219.1
Project("{FAE04EC0-301F-11D3-BF4B-00C04F79EFBC}") = "Exercise_1", "Hom_Worc_Windows_Forms_Meeting_5\Exercise_1.csproj", "{00B15F74-912D-439D-A207-B49D271CACE4}"
EndProject
Project("{FAE04EC0-301F-11D3-BF4B-00C04F79EFBC}") = "Exercise_2", "Exercise_2\Exercise_2.csproj", "{08433F6F-F4CC-4636-8FF4-2BBF15F4B14B}"
EndProject
Global
	GlobalSection(SolutionConfigurationPlatforms) = preSolution
		Debug|Any CPU = Debug|Any CPU
		Release|Any CPU = Release|Any CPU
	EndGlobalSection
	GlobalSection(ProjectConfigurationPlatforms) = postSolution
		{00B15F74-912D-439D-A207-B49D271CACE4}.Debug|Any CPU.ActiveCfg = Debug|Any CPU
		{00B15F74-912D-439D-A207-B49D271CACE4}.Debug|Any CPU.Build.0 = Debug|Any CPU
		{00B15F74-912D-439D-A207-B49D271CACE4}.Release|Any CPU.ActiveCfg = Release|Any CPU
		{00B15F74-912D-439D-A207-B49D271CACE4}.Release|Any CPU.Build.0 = Release|Any CPU
		{08433F6F-F4CC-4636-8FF4-2BBF15F4B14B}.Debug|Any CPU.ActiveCfg = Debug|Any CPU
		{08433F6F-F4CC-4636-8FF4-2BBF15F4B14B}.Debug|Any CPU.Build.0 = Debug|Any CPU
		{08433F6F-F4CC-4636-8FF4-2BBF15F4B14B}.Release|Any CPU.ActiveCfg = Release|Any CPU
		{08433F6F-F4CC-4636-8FF4-2BBF15F4B14B}.Release|Any CPU.Build.0 = Release|Any CPU
	EndGlobalSection
	GlobalSection(SolutionProperties) = preSolution
		HideSolutionNode = FALSE
	EndGlobalSection
	GlobalSection(ExtensibilityGlobals) = postSolution
		SolutionGuid = {AB30FEAE-DE8F-4781-85F5-EE14B1DCBA02}
	EndGlobalSection
EndGlobal
